// !$*UTF8*$!
{
	archiveVersion = 1;
	classes = {
	};
	objectVersion = 42;
	objects = {

/* Begin PBXAggregateTarget section */
		96D355F20908DD62006B6436 /* ReleaseBuild */ = {
			isa = PBXAggregateTarget;
			buildConfigurationList = 96D355F30908DD80006B6436 /* Build configuration list for PBXAggregateTarget "ReleaseBuild" */;
			buildPhases = (
			);
			dependencies = (
				9658838409BC64BB0063770F /* PBXTargetDependency */,
			);
			name = ReleaseBuild;
			productName = ReleaseBuild;
		};
/* End PBXAggregateTarget section */

/* Begin PBXBuildFile section */
		0F08EF8817D5F29000257404 /* libboost_thread-xgcc42-mt-1_49.a in Frameworks */ = {isa = PBXBuildFile; fileRef = 0F08EF8717D5F29000257404 /* libboost_thread-xgcc42-mt-1_49.a */; };
		0F08EF8B17D5FC4500257404 /* NVObjPostgreSQLNotifyWorker.cpp in Sources */ = {isa = PBXBuildFile; fileRef = 0F08EF8A17D5FC4500257404 /* NVObjPostgreSQLNotifyWorker.cpp */; };
		0F08EF8D17D5FC4E00257404 /* NVObjPostgreSQLNotifyWorker.he in Resources */ = {isa = PBXBuildFile; fileRef = 0F08EF8C17D5FC4E00257404 /* NVObjPostgreSQLNotifyWorker.he */; };
		0F7A677E17D5F167001226B3 /* u_complib.framework in Frameworks */ = {isa = PBXBuildFile; fileRef = 0F7A677D17D5F167001226B3 /* u_complib.framework */; };
		0F85CDA817D876A5001DFE31 /* libpq.dylib in Frameworks */ = {isa = PBXBuildFile; fileRef = 0F85CDA717D876A5001DFE31 /* libpq.dylib */; };
		96CA4E550907E8CC00C234AA /* InfoPlist.strings in Resources */ = {isa = PBXBuildFile; fileRef = 089C167DFE841241C02AAC07 /* InfoPlist.strings */; };
		96CA4E5A0907E8CC00C234AA /* Carbon.framework in Frameworks */ = {isa = PBXBuildFile; fileRef = 08EA7FFBFE8413EDC02AAC07 /* Carbon.framework */; };
		B01BE7011451716500D8DB73 /* NVObjPostgreSQLWorker.cpp in Sources */ = {isa = PBXBuildFile; fileRef = B01BE6FF1451716500D8DB73 /* NVObjPostgreSQLWorker.cpp */; };
		B01BE7061451848700D8DB73 /* NVObjQueue.cpp in Sources */ = {isa = PBXBuildFile; fileRef = B01BE7041451848700D8DB73 /* NVObjQueue.cpp */; };
		B02360CC11765D30001236FE /* NVObjBase.cpp in Sources */ = {isa = PBXBuildFile; fileRef = B02360C911765D30001236FE /* NVObjBase.cpp */; };
		B02360CD11765D30001236FE /* PostgreSQLBackground.cpp in Sources */ = {isa = PBXBuildFile; fileRef = B02360CA11765D30001236FE /* PostgreSQLBackground.cpp */; };
		B02361D111765E35001236FE /* TMWorkQueue.rc in Resources */ = {isa = PBXBuildFile; fileRef = B02361D011765E35001236FE /* TMWorkQueue.rc */; };
		B03C1D50130EDBCB00661BC0 /* Static.cpp in Sources */ = {isa = PBXBuildFile; fileRef = B03C1D4F130EDBCB00661BC0 /* Static.cpp */; };
		B0A0716214420B0200337E35 /* ThreadTimer.cpp in Sources */ = {isa = PBXBuildFile; fileRef = B0A0716014420B0200337E35 /* ThreadTimer.cpp */; };
		B0A46050125F550F003A3050 /* OmnisTools.cpp in Sources */ = {isa = PBXBuildFile; fileRef = B0A4604F125F550F003A3050 /* OmnisTools.cpp */; };
		B0C4C3F61460000E003D0911 /* Worker.cpp in Sources */ = {isa = PBXBuildFile; fileRef = B0C4C3F41460000E003D0911 /* Worker.cpp */; };
		B0C4C3FF14601D27003D0911 /* Queue.cpp in Sources */ = {isa = PBXBuildFile; fileRef = B0C4C3FD14601D27003D0911 /* Queue.cpp */; };
		B0E3AFF3147AC6FD00FC75DF /* Constants.cpp in Sources */ = {isa = PBXBuildFile; fileRef = B0E3AFF1147AC6FD00FC75DF /* Constants.cpp */; };
		B0E9E3781475A9340029AF05 /* DBPool.cpp in Sources */ = {isa = PBXBuildFile; fileRef = B0E9E3761475A9340029AF05 /* DBPool.cpp */; };
/* End PBXBuildFile section */

/* Begin PBXBuildRule section */
		96CA4E5C0907E8CC00C234AA /* PBXBuildRule */ = {
			isa = PBXBuildRule;
			compilerSpec = com.apple.compilers.proxy.script;
			filePatterns = "*.rc";
			fileType = pattern.proxy;
			isEditable = 1;
			outputFiles = (
				"$(TEMP_FILE_DIR)/omnisrc/Localizable.strings",
			);
			script = "/Developer/Tools/omnisrc.app/Contents/MacOS/omnisrc INPUT_FILE_PATH TEMP_FILE_DIR REZ_SEARCH_PATHS XCOMP\ncp $TEMP_FILE_DIR/omnisrc/xcomp.rsrc $INSTALL_DIR/$CONTENTS_FOLDER_PATH/Resources";
		};
/* End PBXBuildRule section */

/* Begin PBXContainerItemProxy section */
		9658838309BC64BB0063770F /* PBXContainerItemProxy */ = {
			isa = PBXContainerItemProxy;
			containerPortal = 089C1669FE841209C02AAC07 /* Project object */;
			proxyType = 1;
			remoteGlobalIDString = 96CA4E530907E8CC00C234AA;
			remoteInfo = UnicodeCore;
		};
/* End PBXContainerItemProxy section */

/* Begin PBXFileReference section */
		089C167EFE841241C02AAC07 /* English */ = {isa = PBXFileReference; fileEncoding = 4; lastKnownFileType = text.plist.strings; name = English; path = English.lproj/InfoPlist.strings; sourceTree = "<group>"; };
		08EA7FFBFE8413EDC02AAC07 /* Carbon.framework */ = {isa = PBXFileReference; lastKnownFileType = wrapper.framework; name = Carbon.framework; path = /System/Library/Frameworks/Carbon.framework; sourceTree = "<absolute>"; };
		0F08EF8717D5F29000257404 /* libboost_thread-xgcc42-mt-1_49.a */ = {isa = PBXFileReference; lastKnownFileType = archive.ar; name = "libboost_thread-xgcc42-mt-1_49.a"; path = "/Boost/boost_1_49_0/stage/lib/libboost_thread-xgcc42-mt-1_49.a"; sourceTree = "<absolute>"; };
		0F08EF8A17D5FC4500257404 /* NVObjPostgreSQLNotifyWorker.cpp */ = {isa = PBXFileReference; fileEncoding = 4; lastKnownFileType = sourcecode.cpp.cpp; name = NVObjPostgreSQLNotifyWorker.cpp; path = ../../src/NVObjPostgreSQLNotifyWorker.cpp; sourceTree = "<group>"; };
		0F08EF8C17D5FC4E00257404 /* NVObjPostgreSQLNotifyWorker.he */ = {isa = PBXFileReference; explicitFileType = sourcecode.cpp.h; fileEncoding = 4; name = NVObjPostgreSQLNotifyWorker.he; path = ../../include/NVObjPostgreSQLNotifyWorker.he; sourceTree = "<group>"; };
		0F7A677D17D5F167001226B3 /* u_complib.framework */ = {isa = PBXFileReference; lastKnownFileType = wrapper.framework; name = u_complib.framework; path = ../../../OmnisDependencies/Mac/complib/u_complib.framework; sourceTree = "<group>"; };
		0F85CDA717D876A5001DFE31 /* libpq.dylib */ = {isa = PBXFileReference; lastKnownFileType = "compiled.mach-o.dylib"; name = libpq.dylib; path = /Applications/OmnisStudio522.app/Contents/MacOS/libpq.dylib; sourceTree = "<absolute>"; };
		0FEAD51B162EA00E00993EFE /* libpq-fe.h */ = {isa = PBXFileReference; fileEncoding = 4; lastKnownFileType = sourcecode.c.h; name = "libpq-fe.h"; path = "../../../../../../../Library/PostgreSQL/9.2/include/libpq-fe.h"; sourceTree = "<group>"; };
		96CA4E610907E8CC00C234AA /* PostgreSQLBackground.u_xcomp */ = {isa = PBXFileReference; explicitFileType = wrapper.cfbundle; includeInIndex = 0; path = PostgreSQLBackground.u_xcomp; sourceTree = BUILT_PRODUCTS_DIR; };
		B01BE6FF1451716500D8DB73 /* NVObjPostgreSQLWorker.cpp */ = {isa = PBXFileReference; fileEncoding = 4; lastKnownFileType = sourcecode.cpp.cpp; name = NVObjPostgreSQLWorker.cpp; path = ../../src/NVObjPostgreSQLWorker.cpp; sourceTree = "<group>"; };
		B01BE7021451719900D8DB73 /* NVObjPostgreSQLWorker.he */ = {isa = PBXFileReference; explicitFileType = sourcecode.cpp.h; fileEncoding = 4; name = NVObjPostgreSQLWorker.he; path = ../../include/NVObjPostgreSQLWorker.he; sourceTree = "<group>"; };
		B01BE7041451848700D8DB73 /* NVObjQueue.cpp */ = {isa = PBXFileReference; fileEncoding = 4; lastKnownFileType = sourcecode.cpp.cpp; name = NVObjQueue.cpp; path = ../../src/NVObjQueue.cpp; sourceTree = "<group>"; };
		B01BE707145184C500D8DB73 /* NVObjQueue.he */ = {isa = PBXFileReference; explicitFileType = sourcecode.cpp.h; fileEncoding = 4; name = NVObjQueue.he; path = ../../include/NVObjQueue.he; sourceTree = "<group>"; };
		B02360C911765D30001236FE /* NVObjBase.cpp */ = {isa = PBXFileReference; fileEncoding = 4; lastKnownFileType = sourcecode.cpp.cpp; name = NVObjBase.cpp; path = ../../src/NVObjBase.cpp; sourceTree = SOURCE_ROOT; };
		B02360CA11765D30001236FE /* PostgreSQLBackground.cpp */ = {isa = PBXFileReference; fileEncoding = 4; lastKnownFileType = sourcecode.cpp.cpp; name = PostgreSQLBackground.cpp; path = ../../src/PostgreSQLBackground.cpp; sourceTree = SOURCE_ROOT; };
		B02360CF11765D3A001236FE /* NVObjBase.he */ = {isa = PBXFileReference; explicitFileType = sourcecode.cpp.h; fileEncoding = 4; name = NVObjBase.he; path = ../../include/NVObjBase.he; sourceTree = SOURCE_ROOT; };
		B02360D011765D3A001236FE /* PostgreSQLBackground.he */ = {isa = PBXFileReference; explicitFileType = sourcecode.cpp.h; fileEncoding = 4; name = PostgreSQLBackground.he; path = ../../include/PostgreSQLBackground.he; sourceTree = SOURCE_ROOT; };
		B02361D011765E35001236FE /* TMWorkQueue.rc */ = {isa = PBXFileReference; explicitFileType = text; fileEncoding = 4; name = TMWorkQueue.rc; path = ../../src/TMWorkQueue.rc; sourceTree = SOURCE_ROOT; };
		B03C1D40130EDAE500661BC0 /* Static.he */ = {isa = PBXFileReference; explicitFileType = sourcecode.cpp.h; fileEncoding = 4; name = Static.he; path = ../../include/Static.he; sourceTree = SOURCE_ROOT; };
		B03C1D4F130EDBCB00661BC0 /* Static.cpp */ = {isa = PBXFileReference; fileEncoding = 4; lastKnownFileType = sourcecode.cpp.cpp; name = Static.cpp; path = ../../src/Static.cpp; sourceTree = SOURCE_ROOT; };
		B0A0716014420B0200337E35 /* ThreadTimer.cpp */ = {isa = PBXFileReference; fileEncoding = 4; lastKnownFileType = sourcecode.cpp.cpp; name = ThreadTimer.cpp; path = ../../src/ThreadTimer.cpp; sourceTree = "<group>"; };
		B0A0716314420B2000337E35 /* ThreadTimer.he */ = {isa = PBXFileReference; explicitFileType = sourcecode.cpp.h; fileEncoding = 4; name = ThreadTimer.he; path = ../../include/ThreadTimer.he; sourceTree = "<group>"; };
		B0A4604F125F550F003A3050 /* OmnisTools.cpp */ = {isa = PBXFileReference; fileEncoding = 4; lastKnownFileType = sourcecode.cpp.cpp; name = OmnisTools.cpp; path = ../../src/OmnisTools.cpp; sourceTree = SOURCE_ROOT; };
		B0A46051125F5517003A3050 /* OmnisTools.he */ = {isa = PBXFileReference; explicitFileType = sourcecode.c.h; fileEncoding = 4; name = OmnisTools.he; path = ../../include/OmnisTools.he; sourceTree = SOURCE_ROOT; };
		B0C4C3F2145FFFEB003D0911 /* Worker.h */ = {isa = PBXFileReference; fileEncoding = 4; lastKnownFileType = sourcecode.c.h; name = Worker.h; path = ../../include/Worker.h; sourceTree = "<group>"; };
		B0C4C3F41460000E003D0911 /* Worker.cpp */ = {isa = PBXFileReference; fileEncoding = 4; lastKnownFileType = sourcecode.cpp.cpp; name = Worker.cpp; path = ../../src/Worker.cpp; sourceTree = "<group>"; };
		B0C4C3FD14601D27003D0911 /* Queue.cpp */ = {isa = PBXFileReference; fileEncoding = 4; lastKnownFileType = sourcecode.cpp.cpp; name = Queue.cpp; path = ../../src/Queue.cpp; sourceTree = "<group>"; };
		B0C4C40014601D3E003D0911 /* Queue.h */ = {isa = PBXFileReference; fileEncoding = 4; lastKnownFileType = sourcecode.c.h; name = Queue.h; path = ../../include/Queue.h; sourceTree = "<group>"; };
		B0C7FA8B146D3D1700191069 /* Logging.he */ = {isa = PBXFileReference; explicitFileType = sourcecode.cpp.h; fileEncoding = 4; name = Logging.he; path = ../../include/Logging.he; sourceTree = "<group>"; };
		B0E3AFEF147AC6E200FC75DF /* Constants.he */ = {isa = PBXFileReference; explicitFileType = sourcecode.cpp.h; fileEncoding = 4; name = Constants.he; path = ../../include/Constants.he; sourceTree = "<group>"; };
		B0E3AFF1147AC6FD00FC75DF /* Constants.cpp */ = {isa = PBXFileReference; fileEncoding = 4; lastKnownFileType = sourcecode.cpp.cpp; name = Constants.cpp; path = ../../src/Constants.cpp; sourceTree = "<group>"; };
		B0E87033147BD73200CB6BAD /* Tools.h */ = {isa = PBXFileReference; fileEncoding = 4; lastKnownFileType = sourcecode.c.h; name = Tools.h; path = ../../include/Tools.h; sourceTree = "<group>"; };
		B0E9E3741475A91A0029AF05 /* DBPool.h */ = {isa = PBXFileReference; explicitFileType = sourcecode.cpp.h; fileEncoding = 4; name = DBPool.h; path = ../../include/DBPool.h; sourceTree = "<group>"; };
		B0E9E3761475A9340029AF05 /* DBPool.cpp */ = {isa = PBXFileReference; fileEncoding = 4; lastKnownFileType = sourcecode.cpp.cpp; name = DBPool.cpp; path = ../../src/DBPool.cpp; sourceTree = "<group>"; };
/* End PBXFileReference section */

/* Begin PBXFrameworksBuildPhase section */
		96CA4E590907E8CC00C234AA /* Frameworks */ = {
			isa = PBXFrameworksBuildPhase;
			buildActionMask = 2147483647;
			files = (
				0F85CDA817D876A5001DFE31 /* libpq.dylib in Frameworks */,
				0F08EF8817D5F29000257404 /* libboost_thread-xgcc42-mt-1_49.a in Frameworks */,
				0F7A677E17D5F167001226B3 /* u_complib.framework in Frameworks */,
				96CA4E5A0907E8CC00C234AA /* Carbon.framework in Frameworks */,
			);
			runOnlyForDeploymentPostprocessing = 0;
		};
/* End PBXFrameworksBuildPhase section */

/* Begin PBXGroup section */
		089C166AFE841209C02AAC07 /* xrandom */ = {
			isa = PBXGroup;
			children = (
				96D631340905093100E0F291 /* Headers */,
				08FB77ADFE841716C02AAC07 /* Source */,
				089C167CFE841241C02AAC07 /* Resources */,
				089C1671FE841209C02AAC07 /* External Frameworks and Libraries */,
				19C28FB4FE9D528D11CA2CBB /* Products */,
			);
			name = xrandom;
			sourceTree = "<group>";
		};
		089C1671FE841209C02AAC07 /* External Frameworks and Libraries */ = {
			isa = PBXGroup;
			children = (
				0F85CDA717D876A5001DFE31 /* libpq.dylib */,
				0F08EF8717D5F29000257404 /* libboost_thread-xgcc42-mt-1_49.a */,
				0F7A677D17D5F167001226B3 /* u_complib.framework */,
				08EA7FFBFE8413EDC02AAC07 /* Carbon.framework */,
			);
			name = "External Frameworks and Libraries";
			sourceTree = "<group>";
		};
		089C167CFE841241C02AAC07 /* Resources */ = {
			isa = PBXGroup;
			children = (
				B02361D011765E35001236FE /* TMWorkQueue.rc */,
				089C167DFE841241C02AAC07 /* InfoPlist.strings */,
			);
			name = Resources;
			sourceTree = "<group>";
		};
		08FB77ADFE841716C02AAC07 /* Source */ = {
			isa = PBXGroup;
			children = (
				B0C4C3F3145FFFF1003D0911 /* C++ Objects */,
				B0A4604F125F550F003A3050 /* OmnisTools.cpp */,
				B02360C911765D30001236FE /* NVObjBase.cpp */,
				B01BE7041451848700D8DB73 /* NVObjQueue.cpp */,
				B01BE6FF1451716500D8DB73 /* NVObjPostgreSQLWorker.cpp */,
				0F08EF8A17D5FC4500257404 /* NVObjPostgreSQLNotifyWorker.cpp */,
				B02360CA11765D30001236FE /* PostgreSQLBackground.cpp */,
				B03C1D4F130EDBCB00661BC0 /* Static.cpp */,
				B0A0716014420B0200337E35 /* ThreadTimer.cpp */,
				B0E3AFF1147AC6FD00FC75DF /* Constants.cpp */,
			);
			name = Source;
			sourceTree = "<group>";
		};
		19C28FB4FE9D528D11CA2CBB /* Products */ = {
			isa = PBXGroup;
			children = (
				96CA4E610907E8CC00C234AA /* PostgreSQLBackground.u_xcomp */,
			);
			name = Products;
			sourceTree = "<group>";
		};
		96D631340905093100E0F291 /* Headers */ = {
			isa = PBXGroup;
			children = (
				B0C4C3F1145FFFB7003D0911 /* C++ Objects */,
				B09B3D2314500FA300B2C5D6 /* PostgreSQL */,
				B0A46051125F5517003A3050 /* OmnisTools.he */,
				B0C7FA8B146D3D1700191069 /* Logging.he */,
				B02360CF11765D3A001236FE /* NVObjBase.he */,
				B01BE707145184C500D8DB73 /* NVObjQueue.he */,
				B01BE7021451719900D8DB73 /* NVObjPostgreSQLWorker.he */,
				0F08EF8C17D5FC4E00257404 /* NVObjPostgreSQLNotifyWorker.he */,
				B02360D011765D3A001236FE /* PostgreSQLBackground.he */,
				B03C1D40130EDAE500661BC0 /* Static.he */,
				B0A0716314420B2000337E35 /* ThreadTimer.he */,
				B0E3AFEF147AC6E200FC75DF /* Constants.he */,
			);
			name = Headers;
			sourceTree = "<group>";
		};
		B09B3D2314500FA300B2C5D6 /* PostgreSQL */ = {
			isa = PBXGroup;
			children = (
				0FEAD51B162EA00E00993EFE /* libpq-fe.h */,
			);
			name = PostgreSQL;
			sourceTree = "<group>";
		};
		B0C4C3F1145FFFB7003D0911 /* C++ Objects */ = {
			isa = PBXGroup;
			children = (
				B0E87033147BD73200CB6BAD /* Tools.h */,
				B0C4C40014601D3E003D0911 /* Queue.h */,
				B0C4C3F2145FFFEB003D0911 /* Worker.h */,
				B0E9E3741475A91A0029AF05 /* DBPool.h */,
			);
			name = "C++ Objects";
			sourceTree = "<group>";
		};
		B0C4C3F3145FFFF1003D0911 /* C++ Objects */ = {
			isa = PBXGroup;
			children = (
				B0C4C3FD14601D27003D0911 /* Queue.cpp */,
				B0C4C3F41460000E003D0911 /* Worker.cpp */,
				B0E9E3761475A9340029AF05 /* DBPool.cpp */,
			);
			name = "C++ Objects";
			sourceTree = "<group>";
		};
/* End PBXGroup section */

/* Begin PBXNativeTarget section */
		96CA4E530907E8CC00C234AA /* UnicodeCore */ = {
			isa = PBXNativeTarget;
			buildConfigurationList = 96CA4E5D0907E8CC00C234AA /* Build configuration list for PBXNativeTarget "UnicodeCore" */;
			buildPhases = (
				96CA4E540907E8CC00C234AA /* Resources */,
				96CA4E570907E8CC00C234AA /* Sources */,
				96CA4E590907E8CC00C234AA /* Frameworks */,
				B09B3D25145018C600B2C5D6 /* Run Script */,
			);
			buildRules = (
				96CA4E5C0907E8CC00C234AA /* PBXBuildRule */,
			);
			dependencies = (
			);
			name = UnicodeCore;
			productInstallPath = "$(HOME)/Library/Bundles";
			productName = xrandom;
			productReference = 96CA4E610907E8CC00C234AA /* PostgreSQLBackground.u_xcomp */;
			productType = "com.apple.product-type.bundle";
		};
/* End PBXNativeTarget section */

/* Begin PBXProject section */
		089C1669FE841209C02AAC07 /* Project object */ = {
			isa = PBXProject;
			attributes = {
				LastUpgradeCheck = 0410;
			};
			buildConfigurationList = 96CF455E08FBABD1003AA3FE /* Build configuration list for PBXProject "PostgreSQLBackground" */;
			compatibilityVersion = "Xcode 2.4";
			developmentRegion = English;
			hasScannedForEncodings = 1;
			knownRegions = (
				English,
				Japanese,
				French,
				German,
				english,
			);
			mainGroup = 089C166AFE841209C02AAC07 /* xrandom */;
			projectDirPath = "";
			projectRoot = "";
			targets = (
				96CA4E530907E8CC00C234AA /* UnicodeCore */,
				96D355F20908DD62006B6436 /* ReleaseBuild */,
			);
		};
/* End PBXProject section */

/* Begin PBXResourcesBuildPhase section */
		96CA4E540907E8CC00C234AA /* Resources */ = {
			isa = PBXResourcesBuildPhase;
			buildActionMask = 2147483647;
			files = (
				96CA4E550907E8CC00C234AA /* InfoPlist.strings in Resources */,
				B02361D111765E35001236FE /* TMWorkQueue.rc in Resources */,
				0F08EF8D17D5FC4E00257404 /* NVObjPostgreSQLNotifyWorker.he in Resources */,
			);
			runOnlyForDeploymentPostprocessing = 0;
		};
/* End PBXResourcesBuildPhase section */

/* Begin PBXShellScriptBuildPhase section */
		B09B3D25145018C600B2C5D6 /* Run Script */ = {
			isa = PBXShellScriptBuildPhase;
			buildActionMask = 2147483647;
			files = (
			);
			inputPaths = (
			);
			name = "Run Script";
			outputPaths = (
			);
			runOnlyForDeploymentPostprocessing = 0;
			shellPath = /bin/sh;
			shellScript = "install_name_tool -change /usr/local/pgsql/lib/libpq.5.dylib @loader_path/../../../../libpq.dylib $INSTALL_DIR$EXECUTABLE_PATH";
		};
/* End PBXShellScriptBuildPhase section */

/* Begin PBXSourcesBuildPhase section */
		96CA4E570907E8CC00C234AA /* Sources */ = {
			isa = PBXSourcesBuildPhase;
			buildActionMask = 2147483647;
			files = (
				B02360CC11765D30001236FE /* NVObjBase.cpp in Sources */,
				B02360CD11765D30001236FE /* PostgreSQLBackground.cpp in Sources */,
				B0A46050125F550F003A3050 /* OmnisTools.cpp in Sources */,
				B03C1D50130EDBCB00661BC0 /* Static.cpp in Sources */,
				B0A0716214420B0200337E35 /* ThreadTimer.cpp in Sources */,
				B01BE7011451716500D8DB73 /* NVObjPostgreSQLWorker.cpp in Sources */,
				B01BE7061451848700D8DB73 /* NVObjQueue.cpp in Sources */,
				B0C4C3F61460000E003D0911 /* Worker.cpp in Sources */,
				B0C4C3FF14601D27003D0911 /* Queue.cpp in Sources */,
				B0E9E3781475A9340029AF05 /* DBPool.cpp in Sources */,
				B0E3AFF3147AC6FD00FC75DF /* Constants.cpp in Sources */,
				0F08EF8B17D5FC4500257404 /* NVObjPostgreSQLNotifyWorker.cpp in Sources */,
			);
			runOnlyForDeploymentPostprocessing = 0;
		};
/* End PBXSourcesBuildPhase section */

/* Begin PBXTargetDependency section */
		9658838409BC64BB0063770F /* PBXTargetDependency */ = {
			isa = PBXTargetDependency;
			target = 96CA4E530907E8CC00C234AA /* UnicodeCore */;
			targetProxy = 9658838309BC64BB0063770F /* PBXContainerItemProxy */;
		};
/* End PBXTargetDependency section */

/* Begin PBXVariantGroup section */
		089C167DFE841241C02AAC07 /* InfoPlist.strings */ = {
			isa = PBXVariantGroup;
			children = (
				089C167EFE841241C02AAC07 /* English */,
			);
			name = InfoPlist.strings;
			sourceTree = "<group>";
		};
/* End PBXVariantGroup section */

/* Begin XCBuildConfiguration section */
		96CA4E5E0907E8CC00C234AA /* Development */ = {
			isa = XCBuildConfiguration;
			buildSettings = {
				ARCHS = i386;
				GCC_ENABLE_FIX_AND_CONTINUE = YES;
			};
			name = Development;
		};
		96CA4E5F0907E8CC00C234AA /* Deployment */ = {
			isa = XCBuildConfiguration;
			buildSettings = {
				ARCHS = (
					ppc,
					i386,
				);
				GCC_ENABLE_FIX_AND_CONTINUE = NO;
				SKIP_INSTALL = NO;
			};
			name = Deployment;
		};
		96CF455F08FBABD1003AA3FE /* Development */ = {
			isa = XCBuildConfiguration;
			buildSettings = {
				ARCHS = "$(ARCHS_STANDARD_32_BIT_PRE_XCODE_3_1)";
				ARCHS_STANDARD_32_BIT_PRE_XCODE_3_1 = "ppc i386";
				COPY_PHASE_STRIP = NO;
				DEPLOYMENT_LOCATION = YES;
				DSTROOT = "$(OMNIS_XCOMP_PATH)";
				FRAMEWORK_SEARCH_PATHS = "$(OMNIS_LIB_PATH)/complib";
				GCC_OPTIMIZATION_LEVEL = 0;
				GCC_PRECOMPILE_PREFIX_HEADER = YES;
				GCC_PREFIX_HEADER = "$(OMNIS_LIB_PATH)/complib/u_complib.framework/Headers/carbnuni.h";
				GCC_VERSION = 4.2;
				GCC_WARN_ABOUT_DEPRECATED_FUNCTIONS = NO;
				GCC_WARN_UNUSED_VARIABLE = YES;
				GENERATE_PKGINFO_FILE = YES;
				HEADER_SEARCH_PATHS = (
					$PROJECT_DIR/../../include,
					/Developer/Headers/FlatCarbon,
					"$(OMNIS_LIB_PATH)/complib/u_complib.framework/Headers",
					"$(BOOST_ROOT)",
					/Library/PostgreSQL/9.2/include,
				);
				INFOPLIST_FILE = $PROJECT_DIR/Info.plist;
				INSTALL_PATH = /;
				LIBRARY_SEARCH_PATHS = (
					/Applications/OmnisStudio522.app/Contents/MacOS,
					"$(BOOST_ROOT)/stage/lib",
				);
				MACOSX_DEPLOYMENT_TARGET = 10.4;
				OTHER_CFLAGS = (
					"-Dismach_o",
					"-Dismach-o",
					"-D_DEBUG",
				);
				PRODUCT_NAME = PostgreSQLBackground;
				REZ_SEARCH_PATHS = (
					$PROJECT_DIR/../../resource,
					/Developer/Headers/FlatCarbon,
					$PROJECT_DIR/English.lproj,
				);
				SDKROOT = /Developer/SDKs/MacOSX10.5.sdk;
				VALID_ARCHS = "ppc i386";
				WRAPPER_EXTENSION = u_xcomp;
			};
			name = Development;
		};
		96CF456008FBABD1003AA3FE /* Deployment */ = {
			isa = XCBuildConfiguration;
			buildSettings = {
				ARCHS = "$(ARCHS_STANDARD_32_BIT_PRE_XCODE_3_1)";
				ARCHS_STANDARD_32_BIT_PRE_XCODE_3_1 = "ppc i386";
				DEPLOYMENT_LOCATION = YES;
				DSTROOT = "$(PROJECT_DIR)/../../deploy/Mac";
				FRAMEWORK_SEARCH_PATHS = "$(OMNIS_LIB_PATH)/complib";
				GCC_GENERATE_DEBUGGING_SYMBOLS = NO;
				GCC_PRECOMPILE_PREFIX_HEADER = YES;
				GCC_PREFIX_HEADER = "$(OMNIS_LIB_PATH)/complib/u_complib.framework/Headers/carbnuni.h";
				GCC_VERSION = 4.2;
				GCC_WARN_ABOUT_DEPRECATED_FUNCTIONS = NO;
				GCC_WARN_UNUSED_VARIABLE = YES;
				GENERATE_PKGINFO_FILE = YES;
				HEADER_SEARCH_PATHS = (
					$PROJECT_DIR/../../include,
					/Developer/Headers/FlatCarbon,
					"$(OMNIS_LIB_PATH)/complib/u_complib.framework/Headers",
					"$(BOOST_ROOT)",
					/Library/PostgreSQL/9.2/include,
				);
				INFOPLIST_FILE = $PROJECT_DIR/Info.plist;
				INSTALL_PATH = /;
				LIBRARY_SEARCH_PATHS = (
					/Applications/OmnisStudio522.app/Contents/MacOS,
					"$(BOOST_ROOT)/stage/lib",
				);
				MACOSX_DEPLOYMENT_TARGET = 10.4;
				OTHER_CFLAGS = (
					"-Dismach_o",
					"-Dismach-o",
				);
				PRODUCT_NAME = PostgreSQLBackground;
				REZ_SEARCH_PATHS = (
					$PROJECT_DIR/../../resource,
					/Developer/Headers/FlatCarbon,
					$PROJECT_DIR/English.lproj,
				);
				SDKROOT = /Developer/SDKs/MacOSX10.5.sdk;
				VALID_ARCHS = "ppc i386";
				WRAPPER_EXTENSION = u_xcomp;
			};
			name = Deployment;
		};
		96D355F40908DD80006B6436 /* Development */ = {
			isa = XCBuildConfiguration;
			buildSettings = {
				PRODUCT_NAME = PostgreSQLBackground;
			};
			name = Development;
		};
		96D355F50908DD80006B6436 /* Deployment */ = {
			isa = XCBuildConfiguration;
			buildSettings = {
				PRODUCT_NAME = PostgreSQLBackground;
			};
			name = Deployment;
		};
/* End XCBuildConfiguration section */

/* Begin XCConfigurationList section */
		96CA4E5D0907E8CC00C234AA /* Build configuration list for PBXNativeTarget "UnicodeCore" */ = {
			isa = XCConfigurationList;
			buildConfigurations = (
				96CA4E5E0907E8CC00C234AA /* Development */,
				96CA4E5F0907E8CC00C234AA /* Deployment */,
			);
			defaultConfigurationIsVisible = 0;
			defaultConfigurationName = Development;
		};
		96CF455E08FBABD1003AA3FE /* Build configuration list for PBXProject "PostgreSQLBackground" */ = {
			isa = XCConfigurationList;
			buildConfigurations = (
				96CF455F08FBABD1003AA3FE /* Development */,
				96CF456008FBABD1003AA3FE /* Deployment */,
			);
			defaultConfigurationIsVisible = 0;
			defaultConfigurationName = Development;
		};
		96D355F30908DD80006B6436 /* Build configuration list for PBXAggregateTarget "ReleaseBuild" */ = {
			isa = XCConfigurationList;
			buildConfigurations = (
				96D355F40908DD80006B6436 /* Development */,
				96D355F50908DD80006B6436 /* Deployment */,
			);
			defaultConfigurationIsVisible = 0;
			defaultConfigurationName = Development;
		};
/* End XCConfigurationList section */
	};
	rootObject = 089C1669FE841209C02AAC07 /* Project object */;
}
